
Microsoft Visual Studio Solution File, Format Version 12.00
# Visual Studio Version 18
VisualStudioVersion = 18.6.11822.322
MinimumVisualStudioVersion = 10.0.40219.1
Project("{FAE04EC0-301F-11D3-BF4B-00C04F79EFBC}") = "UserService", "UserService.csproj", "{3B98574C-C3D9-E5A0-8677-20729192D278}"
EndProject
Project("{FAE04EC0-301F-11D3-BF4B-00C04F79EFBC}") = "Gateway", "..\..\Gateway\Gateway\Gateway.csproj", "{EEE0E9BF-7A64-3622-4129-5866CF4F797E}"
EndProject
Project("{FAE04EC0-301F-11D3-BF4B-00C04F79EFBC}") = "UserService.Testing", "..\UserService.Testing\UserService.Testing.csproj", "{C997F3D9-20F4-41A7-B0D8-198D040C22E6}"
EndProject
Global
	GlobalSection(SolutionConfigurationPlatforms) = preSolution
		Debug|Any CPU = Debug|Any CPU
		Release|Any CPU = Release|Any CPU
	EndGlobalSection
	GlobalSection(ProjectConfigurationPlatforms) = postSolution
		{3B98574C-C3D9-E5A0-8677-20729192D278}.Debug|Any CPU.ActiveCfg = Debug|Any CPU
		{3B98574C-C3D9-E5A0-8677-20729192D278}.Debug|Any CPU.Build.0 = Debug|Any CPU
		{3B98574C-C3D9-E5A0-8677-20729192D278}.Release|Any CPU.ActiveCfg = Release|Any CPU
		{3B98574C-C3D9-E5A0-8677-20729192D278}.Release|Any CPU.Build.0 = Release|Any CPU
		{EEE0E9BF-7A64-3622-4129-5866CF4F797E}.Debug|Any CPU.ActiveCfg = Debug|Any CPU
		{EEE0E9BF-7A64-3622-4129-5866CF4F797E}.Debug|Any CPU.Build.0 = Debug|Any CPU
		{EEE0E9BF-7A64-3622-4129-5866CF4F797E}.Release|Any CPU.ActiveCfg = Release|Any CPU
		{EEE0E9BF-7A64-3622-4129-5866CF4F797E}.Release|Any CPU.Build.0 = Release|Any CPU
		{C997F3D9-20F4-41A7-B0D8-198D040C22E6}.Debug|Any CPU.ActiveCfg = Debug|Any CPU
		{C997F3D9-20F4-41A7-B0D8-198D040C22E6}.Debug|Any CPU.Build.0 = Debug|Any CPU
		{C997F3D9-20F4-41A7-B0D8-198D040C22E6}.Release|Any CPU.ActiveCfg = Release|Any CPU
		{C997F3D9-20F4-41A7-B0D8-198D040C22E6}.Release|Any CPU.Build.0 = Release|Any CPU
	EndGlobalSection
	GlobalSection(SolutionProperties) = preSolution
		HideSolutionNode = FALSE
	EndGlobalSection
	GlobalSection(ExtensibilityGlobals) = postSolution
		SolutionGuid = {9DA8FEA3-C29A-46D7-A63D-B57DAE1901A3}
	EndGlobalSection
EndGlobal
